
Microsoft Visual Studio Solution File, Format Version 12.00
# Visual Studio Version 17
VisualStudioVersion = 17.3.32929.385
MinimumVisualStudioVersion = 10.0.40219.1
Project("{FAE04EC0-301F-11D3-BF4B-00C04F79EFBC}") = "Calc", "Calc\Calc.csproj", "{03BDF112-F3CA-432A-BBAE-80A33A4C5864}"
EndProject
Global
	GlobalSection(SolutionConfigurationPlatforms) = preSolution
		Debug|Any CPU = Debug|Any CPU
		Release|Any CPU = Release|Any CPU
	EndGlobalSection
	GlobalSection(ProjectConfigurationPlatforms) = postSolution
		{03BDF112-F3CA-432A-BBAE-80A33A4C5864}.Debug|Any CPU.ActiveCfg = Debug|Any CPU
		{03BDF112-F3CA-432A-BBAE-80A33A4C5864}.Debug|Any CPU.Build.0 = Debug|Any CPU
		{03BDF112-F3CA-432A-BBAE-80A33A4C5864}.Release|Any CPU.ActiveCfg = Release|Any CPU
		{03BDF112-F3CA-432A-BBAE-80A33A4C5864}.Release|Any CPU.Build.0 = Release|Any CPU
	EndGlobalSection
	GlobalSection(SolutionProperties) = preSolution
		HideSolutionNode = FALSE
	EndGlobalSection
	GlobalSection(ExtensibilityGlobals) = postSolution
		SolutionGuid = {D86CC149-37A1-4A6A-8428-37EC3612D389}
	EndGlobalSection
EndGlobal
